
Microsoft Visual Studio Solution File, Format Version 12.00
# Visual Studio Version 16
VisualStudioVersion = 16.0.29806.167
MinimumVisualStudioVersion = 10.0.40219.1
Project("{9A19103F-16F7-4668-BE54-9A1E7A4F7556}") = "JsonKnownTypes", "src\JsonKnownTypes\JsonKnownTypes.csproj", "{B629F0C4-EAE9-4965-AC47-61DBD4A800D7}"
EndProject
Project("{9A19103F-16F7-4668-BE54-9A1E7A4F7556}") = "JsonKnownTypes.UnitTests", "tests\JsonKnownTypes.UnitTests\JsonKnownTypes.UnitTests.csproj", "{3DE82BA5-F66A-4E39-AC18-427D22778E32}"
EndProject
Global
	GlobalSection(SolutionConfigurationPlatforms) = preSolution
		Debug|Any CPU = Debug|Any CPU
		Release|Any CPU = Release|Any CPU
	EndGlobalSection
	GlobalSection(ProjectConfigurationPlatforms) = postSolution
		{B629F0C4-EAE9-4965-AC47-61DBD4A800D7}.Debug|Any CPU.ActiveCfg = Debug|Any CPU
		{B629F0C4-EAE9-4965-AC47-61DBD4A800D7}.Debug|Any CPU.Build.0 = Debug|Any CPU
		{B629F0C4-EAE9-4965-AC47-61DBD4A800D7}.Release|Any CPU.ActiveCfg = Release|Any CPU
		{B629F0C4-EAE9-4965-AC47-61DBD4A800D7}.Release|Any CPU.Build.0 = Release|Any CPU
		{3DE82BA5-F66A-4E39-AC18-427D22778E32}.Debug|Any CPU.ActiveCfg = Debug|Any CPU
		{3DE82BA5-F66A-4E39-AC18-427D22778E32}.Debug|Any CPU.Build.0 = Debug|Any CPU
		{3DE82BA5-F66A-4E39-AC18-427D22778E32}.Release|Any CPU.ActiveCfg = Release|Any CPU
		{3DE82BA5-F66A-4E39-AC18-427D22778E32}.Release|Any CPU.Build.0 = Release|Any CPU
	EndGlobalSection
	GlobalSection(SolutionProperties) = preSolution
		HideSolutionNode = FALSE
	EndGlobalSection
	GlobalSection(ExtensibilityGlobals) = postSolution
		SolutionGuid = {3A3709DD-2FB8-4AE8-8474-7F78EA160167}
	EndGlobalSection
EndGlobal
